// !$*UTF8*$!
{
	archiveVersion = 1;
	classes = {
	};
	objectVersion = 46;
	objects = {

/* Begin PBXBuildFile section */
		C91062721C0CEB2E00AD34E2 /* ShopViewController.m in Sources */ = {isa = PBXBuildFile; fileRef = C91062711C0CEB2E00AD34E2 /* ShopViewController.m */; };
		C9152D251C1C94F300906B03 /* CartManager.m in Sources */ = {isa = PBXBuildFile; fileRef = C9152D241C1C94F300906B03 /* CartManager.m */; };
		C9152D281C1D955F00906B03 /* CartCollectionViewController.m in Sources */ = {isa = PBXBuildFile; fileRef = C9152D271C1D955F00906B03 /* CartCollectionViewController.m */; };
		C9152D2C1C1DEC3500906B03 /* CartCollectionViewCell.m in Sources */ = {isa = PBXBuildFile; fileRef = C9152D2A1C1DEC3500906B03 /* CartCollectionViewCell.m */; };
		C91EF8DB1C137E54007454A4 /* APIManager.m in Sources */ = {isa = PBXBuildFile; fileRef = C91EF8DA1C137E54007454A4 /* APIManager.m */; };
		C91EF8DE1C13921E007454A4 /* GoodsRequestModel.m in Sources */ = {isa = PBXBuildFile; fileRef = C91EF8DD1C13921E007454A4 /* GoodsRequestModel.m */; };
		C91EF8E11C13923C007454A4 /* GoodsModel.m in Sources */ = {isa = PBXBuildFile; fileRef = C91EF8E01C13923C007454A4 /* GoodsModel.m */; };
		C91EF8E41C139262007454A4 /* UserModel.m in Sources */ = {isa = PBXBuildFile; fileRef = C91EF8E31C139262007454A4 /* UserModel.m */; };
		C91EF8E71C13941C007454A4 /* APIRequest.m in Sources */ = {isa = PBXBuildFile; fileRef = C91EF8E61C13941C007454A4 /* APIRequest.m */; };
		C91EF8EA1C139448007454A4 /* APIAuth.m in Sources */ = {isa = PBXBuildFile; fileRef = C91EF8E91C139448007454A4 /* APIAuth.m */; };
		C91EF8ED1C1394C0007454A4 /* APIRouteConfig.m in Sources */ = {isa = PBXBuildFile; fileRef = C91EF8EC1C1394C0007454A4 /* APIRouteConfig.m */; };
		C91EF8EF1C13950C007454A4 /* setting.plist in Resources */ = {isa = PBXBuildFile; fileRef = C91EF8EE1C13950C007454A4 /* setting.plist */; };
		C91EF8F31C14CE59007454A4 /* shop_load_icon.png in Resources */ = {isa = PBXBuildFile; fileRef = C91EF8F11C14CE59007454A4 /* shop_load_icon.png */; };
		C91EF8F61C14CEE3007454A4 /* 1449454490_shopping_cart_empty.png in Resources */ = {isa = PBXBuildFile; fileRef = C91EF8F41C14CEE3007454A4 /* 1449454490_shopping_cart_empty.png */; };
		C91EF8F71C14CEE3007454A4 /* 1449454476_user_male.png in Resources */ = {isa = PBXBuildFile; fileRef = C91EF8F51C14CEE3007454A4 /* 1449454476_user_male.png */; };
		C91EF8FB1C14D7F3007454A4 /* GoodsAdminCellTableViewCell.m in Sources */ = {isa = PBXBuildFile; fileRef = C91EF8F91C14D7F3007454A4 /* GoodsAdminCellTableViewCell.m */; };
		C91EF8FC1C14D7F3007454A4 /* GoodsAdminCellTableViewCell.xib in Resources */ = {isa = PBXBuildFile; fileRef = C91EF8FA1C14D7F3007454A4 /* GoodsAdminCellTableViewCell.xib */; };
		C91EF9001C14D819007454A4 /* GoodsTableViewCell.m in Sources */ = {isa = PBXBuildFile; fileRef = C91EF8FE1C14D819007454A4 /* GoodsTableViewCell.m */; };
		C91EF9011C14D819007454A4 /* GoodsTableViewCell.xib in Resources */ = {isa = PBXBuildFile; fileRef = C91EF8FF1C14D819007454A4 /* GoodsTableViewCell.xib */; };
		C91EF9071C14DA01007454A4 /* GoodsAdminTableViewController.m in Sources */ = {isa = PBXBuildFile; fileRef = C91EF9061C14DA01007454A4 /* GoodsAdminTableViewController.m */; };
		C91EF90A1C14DA23007454A4 /* GoogsTableViewController.m in Sources */ = {isa = PBXBuildFile; fileRef = C91EF9091C14DA23007454A4 /* GoogsTableViewController.m */; };
		C91EF90D1C14EAD8007454A4 /* GoodsUpdateViewController.m in Sources */ = {isa = PBXBuildFile; fileRef = C91EF90C1C14EAD8007454A4 /* GoodsUpdateViewController.m */; };
		C91EF9101C161909007454A4 /* Reachability.m in Sources */ = {isa = PBXBuildFile; fileRef = C91EF90F1C161909007454A4 /* Reachability.m */; };
		C91EF9121C161959007454A4 /* SystemConfiguration.framework in Frameworks */ = {isa = PBXBuildFile; fileRef = C91EF9111C161959007454A4 /* SystemConfiguration.framework */; };
		C96F4B7C1C275ACE0073300E /* Login.storyboard in Resources */ = {isa = PBXBuildFile; fileRef = C96F4B7B1C275ACE0073300E /* Login.storyboard */; };
		C98339EF1C1774EA0099AAF8 /* GoodsViewController.m in Sources */ = {isa = PBXBuildFile; fileRef = C98339EE1C1774EA0099AAF8 /* GoodsViewController.m */; };
		C98339F11C18D4280099AAF8 /* 1449717971_shopping_cart_loaded.png in Resources */ = {isa = PBXBuildFile; fileRef = C98339F01C18D4280099AAF8 /* 1449717971_shopping_cart_loaded.png */; };
		C98339F41C18DCA00099AAF8 /* CartViewControl.m in Sources */ = {isa = PBXBuildFile; fileRef = C98339F31C18DCA00099AAF8 /* CartViewControl.m */; };
		C9CB38A71C03BA2900E55752 /* main.m in Sources */ = {isa = PBXBuildFile; fileRef = C9CB38A61C03BA2900E55752 /* main.m */; };
		C9CB38AA1C03BA2900E55752 /* AppDelegate.m in Sources */ = {isa = PBXBuildFile; fileRef = C9CB38A91C03BA2900E55752 /* AppDelegate.m */; };
		C9CB38B31C03BA2900E55752 /* ios_test.xcdatamodeld in Sources */ = {isa = PBXBuildFile; fileRef = C9CB38B11C03BA2900E55752 /* ios_test.xcdatamodeld */; };
		C9CB38B51C03BA2900E55752 /* Assets.xcassets in Resources */ = {isa = PBXBuildFile; fileRef = C9CB38B41C03BA2900E55752 /* Assets.xcassets */; };
		C9CB38B81C03BA2900E55752 /* LaunchScreen.storyboard in Resources */ = {isa = PBXBuildFile; fileRef = C9CB38B61C03BA2900E55752 /* LaunchScreen.storyboard */; };
		C9CB38C31C03BA2900E55752 /* ios_testTests.m in Sources */ = {isa = PBXBuildFile; fileRef = C9CB38C21C03BA2900E55752 /* ios_testTests.m */; };
		C9CB38CE1C03BA2900E55752 /* ios_testUITests.m in Sources */ = {isa = PBXBuildFile; fileRef = C9CB38CD1C03BA2900E55752 /* ios_testUITests.m */; };
		C9CB38DF1C04DDC000E55752 /* vk.png in Resources */ = {isa = PBXBuildFile; fileRef = C9CB38DE1C04DDC000E55752 /* vk.png */; };
		C9CB38E11C04DE6800E55752 /* facebook55.png in Resources */ = {isa = PBXBuildFile; fileRef = C9CB38E01C04DE6800E55752 /* facebook55.png */; };
		C9CB38E31C04DEC000E55752 /* linkedin11.png in Resources */ = {isa = PBXBuildFile; fileRef = C9CB38E21C04DEC000E55752 /* linkedin11.png */; };
		C9CB38E51C04DEFE00E55752 /* twitter1.png in Resources */ = {isa = PBXBuildFile; fileRef = C9CB38E41C04DEFE00E55752 /* twitter1.png */; };
		C9CB38E71C04DF2E00E55752 /* google116.png in Resources */ = {isa = PBXBuildFile; fileRef = C9CB38E61C04DF2E00E55752 /* google116.png */; };
		C9CB38EA1C04E0A400E55752 /* LoginViewController.m in Sources */ = {isa = PBXBuildFile; fileRef = C9CB38E91C04E0A400E55752 /* LoginViewController.m */; };
		C9CB39081C065F9C00E55752 /* Shop.storyboard in Resources */ = {isa = PBXBuildFile; fileRef = C9CB39071C065F9C00E55752 /* Shop.storyboard */; };
/* End PBXBuildFile section */

/* Begin PBXContainerItemProxy section */
		C9CB38BF1C03BA2900E55752 /* PBXContainerItemProxy */ = {
			isa = PBXContainerItemProxy;
			containerPortal = C9CB389A1C03BA2900E55752 /* Project object */;
			proxyType = 1;
			remoteGlobalIDString = C9CB38A11C03BA2900E55752;
			remoteInfo = "ios-test";
		};
		C9CB38CA1C03BA2900E55752 /* PBXContainerItemProxy */ = {
			isa = PBXContainerItemProxy;
			containerPortal = C9CB389A1C03BA2900E55752 /* Project object */;
			proxyType = 1;
			remoteGlobalIDString = C9CB38A11C03BA2900E55752;
			remoteInfo = "ios-test";
		};
/* End PBXContainerItemProxy section */

/* Begin PBXFileReference section */
		C91062701C0CEB2E00AD34E2 /* ShopViewController.h */ = {isa = PBXFileReference; fileEncoding = 4; lastKnownFileType = sourcecode.c.h; path = ShopViewController.h; sourceTree = "<group>"; };
		C91062711C0CEB2E00AD34E2 /* ShopViewController.m */ = {isa = PBXFileReference; fileEncoding = 4; lastKnownFileType = sourcecode.c.objc; path = ShopViewController.m; sourceTree = "<group>"; };
		C9152D231C1C94F300906B03 /* CartManager.h */ = {isa = PBXFileReference; fileEncoding = 4; lastKnownFileType = sourcecode.c.h; path = CartManager.h; sourceTree = "<group>"; };
		C9152D241C1C94F300906B03 /* CartManager.m */ = {isa = PBXFileReference; fileEncoding = 4; lastKnownFileType = sourcecode.c.objc; path = CartManager.m; sourceTree = "<group>"; };
		C9152D261C1D955F00906B03 /* CartCollectionViewController.h */ = {isa = PBXFileReference; fileEncoding = 4; lastKnownFileType = sourcecode.c.h; path = CartCollectionViewController.h; sourceTree = "<group>"; };
		C9152D271C1D955F00906B03 /* CartCollectionViewController.m */ = {isa = PBXFileReference; fileEncoding = 4; lastKnownFileType = sourcecode.c.objc; path = CartCollectionViewController.m; sourceTree = "<group>"; };
		C9152D291C1DEC3500906B03 /* CartCollectionViewCell.h */ = {isa = PBXFileReference; fileEncoding = 4; lastKnownFileType = sourcecode.c.h; path = CartCollectionViewCell.h; sourceTree = "<group>"; };
		C9152D2A1C1DEC3500906B03 /* CartCollectionViewCell.m */ = {isa = PBXFileReference; fileEncoding = 4; lastKnownFileType = sourcecode.c.objc; path = CartCollectionViewCell.m; sourceTree = "<group>"; };
		C91EF8D91C137E54007454A4 /* APIManager.h */ = {isa = PBXFileReference; fileEncoding = 4; lastKnownFileType = sourcecode.c.h; path = APIManager.h; sourceTree = "<group>"; };
		C91EF8DA1C137E54007454A4 /* APIManager.m */ = {isa = PBXFileReference; fileEncoding = 4; lastKnownFileType = sourcecode.c.objc; path = APIManager.m; sourceTree = "<group>"; };
		C91EF8DC1C13921E007454A4 /* GoodsRequestModel.h */ = {isa = PBXFileReference; fileEncoding = 4; lastKnownFileType = sourcecode.c.h; path = GoodsRequestModel.h; sourceTree = "<group>"; };
		C91EF8DD1C13921E007454A4 /* GoodsRequestModel.m */ = {isa = PBXFileReference; fileEncoding = 4; lastKnownFileType = sourcecode.c.objc; path = GoodsRequestModel.m; sourceTree = "<group>"; };
		C91EF8DF1C13923C007454A4 /* GoodsModel.h */ = {isa = PBXFileReference; fileEncoding = 4; lastKnownFileType = sourcecode.c.h; path = GoodsModel.h; sourceTree = "<group>"; };
		C91EF8E01C13923C007454A4 /* GoodsModel.m */ = {isa = PBXFileReference; fileEncoding = 4; lastKnownFileType = sourcecode.c.objc; path = GoodsModel.m; sourceTree = "<group>"; };
		C91EF8E21C139262007454A4 /* UserModel.h */ = {isa = PBXFileReference; fileEncoding = 4; lastKnownFileType = sourcecode.c.h; path = UserModel.h; sourceTree = "<group>"; };
		C91EF8E31C139262007454A4 /* UserModel.m */ = {isa = PBXFileReference; fileEncoding = 4; lastKnownFileType = sourcecode.c.objc; path = UserModel.m; sourceTree = "<group>"; };
		C91EF8E51C13941C007454A4 /* APIRequest.h */ = {isa = PBXFileReference; fileEncoding = 4; lastKnownFileType = sourcecode.c.h; path = APIRequest.h; sourceTree = "<group>"; };
		C91EF8E61C13941C007454A4 /* APIRequest.m */ = {isa = PBXFileReference; fileEncoding = 4; lastKnownFileType = sourcecode.c.objc; path = APIRequest.m; sourceTree = "<group>"; };
		C91EF8E81C139448007454A4 /* APIAuth.h */ = {isa = PBXFileReference; fileEncoding = 4; lastKnownFileType = sourcecode.c.h; path = APIAuth.h; sourceTree = "<group>"; };
		C91EF8E91C139448007454A4 /* APIAuth.m */ = {isa = PBXFileReference; fileEncoding = 4; lastKnownFileType = sourcecode.c.objc; path = APIAuth.m; sourceTree = "<group>"; };
		C91EF8EB1C1394C0007454A4 /* APIRouteConfig.h */ = {isa = PBXFileReference; fileEncoding = 4; lastKnownFileType = sourcecode.c.h; path = APIRouteConfig.h; sourceTree = "<group>"; };
		C91EF8EC1C1394C0007454A4 /* APIRouteConfig.m */ = {isa = PBXFileReference; fileEncoding = 4; lastKnownFileType = sourcecode.c.objc; path = APIRouteConfig.m; sourceTree = "<group>"; };
		C91EF8EE1C13950C007454A4 /* setting.plist */ = {isa = PBXFileReference; fileEncoding = 4; lastKnownFileType = text.plist.xml; path = setting.plist; sourceTree = "<group>"; };
		C91EF8F11C14CE59007454A4 /* shop_load_icon.png */ = {isa = PBXFileReference; lastKnownFileType = image.png; path = shop_load_icon.png; sourceTree = "<group>"; };
		C91EF8F41C14CEE3007454A4 /* 1449454490_shopping_cart_empty.png */ = {isa = PBXFileReference; lastKnownFileType = image.png; path = 1449454490_shopping_cart_empty.png; sourceTree = "<group>"; };
		C91EF8F51C14CEE3007454A4 /* 1449454476_user_male.png */ = {isa = PBXFileReference; lastKnownFileType = image.png; path = 1449454476_user_male.png; sourceTree = "<group>"; };
		C91EF8F81C14D7F3007454A4 /* GoodsAdminCellTableViewCell.h */ = {isa = PBXFileReference; fileEncoding = 4; lastKnownFileType = sourcecode.c.h; path = GoodsAdminCellTableViewCell.h; sourceTree = "<group>"; };
		C91EF8F91C14D7F3007454A4 /* GoodsAdminCellTableViewCell.m */ = {isa = PBXFileReference; fileEncoding = 4; lastKnownFileType = sourcecode.c.objc; path = GoodsAdminCellTableViewCell.m; sourceTree = "<group>"; };
		C91EF8FA1C14D7F3007454A4 /* GoodsAdminCellTableViewCell.xib */ = {isa = PBXFileReference; fileEncoding = 4; lastKnownFileType = file.xib; path = GoodsAdminCellTableViewCell.xib; sourceTree = "<group>"; };
		C91EF8FD1C14D819007454A4 /* GoodsTableViewCell.h */ = {isa = PBXFileReference; fileEncoding = 4; lastKnownFileType = sourcecode.c.h; path = GoodsTableViewCell.h; sourceTree = "<group>"; };
		C91EF8FE1C14D819007454A4 /* GoodsTableViewCell.m */ = {isa = PBXFileReference; fileEncoding = 4; lastKnownFileType = sourcecode.c.objc; path = GoodsTableViewCell.m; sourceTree = "<group>"; };
		C91EF8FF1C14D819007454A4 /* GoodsTableViewCell.xib */ = {isa = PBXFileReference; fileEncoding = 4; lastKnownFileType = file.xib; path = GoodsTableViewCell.xib; sourceTree = "<group>"; };
		C91EF9051C14DA01007454A4 /* GoodsAdminTableViewController.h */ = {isa = PBXFileReference; fileEncoding = 4; lastKnownFileType = sourcecode.c.h; path = GoodsAdminTableViewController.h; sourceTree = "<group>"; };
		C91EF9061C14DA01007454A4 /* GoodsAdminTableViewController.m */ = {isa = PBXFileReference; fileEncoding = 4; lastKnownFileType = sourcecode.c.objc; path = GoodsAdminTableViewController.m; sourceTree = "<group>"; };
		C91EF9081C14DA23007454A4 /* GoogsTableViewController.h */ = {isa = PBXFileReference; fileEncoding = 4; lastKnownFileType = sourcecode.c.h; path = GoogsTableViewController.h; sourceTree = "<group>"; };
		C91EF9091C14DA23007454A4 /* GoogsTableViewController.m */ = {isa = PBXFileReference; fileEncoding = 4; lastKnownFileType = sourcecode.c.objc; path = GoogsTableViewController.m; sourceTree = "<group>"; };
		C91EF90B1C14EAD8007454A4 /* GoodsUpdateViewController.h */ = {isa = PBXFileReference; fileEncoding = 4; lastKnownFileType = sourcecode.c.h; path = GoodsUpdateViewController.h; sourceTree = "<group>"; };
		C91EF90C1C14EAD8007454A4 /* GoodsUpdateViewController.m */ = {isa = PBXFileReference; fileEncoding = 4; lastKnownFileType = sourcecode.c.objc; path = GoodsUpdateViewController.m; sourceTree = "<group>"; };
		C91EF90E1C161909007454A4 /* Reachability.h */ = {isa = PBXFileReference; fileEncoding = 4; lastKnownFileType = sourcecode.c.h; path = Reachability.h; sourceTree = "<group>"; };
		C91EF90F1C161909007454A4 /* Reachability.m */ = {isa = PBXFileReference; fileEncoding = 4; lastKnownFileType = sourcecode.c.objc; path = Reachability.m; sourceTree = "<group>"; };
		C91EF9111C161959007454A4 /* SystemConfiguration.framework */ = {isa = PBXFileReference; lastKnownFileType = wrapper.framework; name = SystemConfiguration.framework; path = System/Library/Frameworks/SystemConfiguration.framework; sourceTree = SDKROOT; };
		C96F4B7B1C275ACE0073300E /* Login.storyboard */ = {isa = PBXFileReference; fileEncoding = 4; lastKnownFileType = file.storyboard; path = Login.storyboard; sourceTree = "<group>"; };
		C98339ED1C1774EA0099AAF8 /* GoodsViewController.h */ = {isa = PBXFileReference; fileEncoding = 4; lastKnownFileType = sourcecode.c.h; path = GoodsViewController.h; sourceTree = "<group>"; };
		C98339EE1C1774EA0099AAF8 /* GoodsViewController.m */ = {isa = PBXFileReference; fileEncoding = 4; lastKnownFileType = sourcecode.c.objc; path = GoodsViewController.m; sourceTree = "<group>"; };
		C98339F01C18D4280099AAF8 /* 1449717971_shopping_cart_loaded.png */ = {isa = PBXFileReference; lastKnownFileType = image.png; path = 1449717971_shopping_cart_loaded.png; sourceTree = "<group>"; };
		C98339F21C18DCA00099AAF8 /* CartViewControl.h */ = {isa = PBXFileReference; fileEncoding = 4; lastKnownFileType = sourcecode.c.h; path = CartViewControl.h; sourceTree = "<group>"; };
		C98339F31C18DCA00099AAF8 /* CartViewControl.m */ = {isa = PBXFileReference; fileEncoding = 4; lastKnownFileType = sourcecode.c.objc; path = CartViewControl.m; sourceTree = "<group>"; };
		C9CB38A21C03BA2900E55752 /* ios-test.app */ = {isa = PBXFileReference; explicitFileType = wrapper.application; includeInIndex = 0; path = "ios-test.app"; sourceTree = BUILT_PRODUCTS_DIR; };
		C9CB38A61C03BA2900E55752 /* main.m */ = {isa = PBXFileReference; lastKnownFileType = sourcecode.c.objc; path = main.m; sourceTree = "<group>"; };
		C9CB38A81C03BA2900E55752 /* AppDelegate.h */ = {isa = PBXFileReference; lastKnownFileType = sourcecode.c.h; path = AppDelegate.h; sourceTree = "<group>"; };
		C9CB38A91C03BA2900E55752 /* AppDelegate.m */ = {isa = PBXFileReference; lastKnownFileType = sourcecode.c.objc; path = AppDelegate.m; sourceTree = "<group>"; };
		C9CB38B21C03BA2900E55752 /* ios_test.xcdatamodel */ = {isa = PBXFileReference; lastKnownFileType = wrapper.xcdatamodel; path = ios_test.xcdatamodel; sourceTree = "<group>"; };
		C9CB38B41C03BA2900E55752 /* Assets.xcassets */ = {isa = PBXFileReference; lastKnownFileType = folder.assetcatalog; path = Assets.xcassets; sourceTree = "<group>"; };
		C9CB38B71C03BA2900E55752 /* Base */ = {isa = PBXFileReference; lastKnownFileType = file.storyboard; name = Base; path = Base.lproj/LaunchScreen.storyboard; sourceTree = "<group>"; };
		C9CB38B91C03BA2900E55752 /* Info.plist */ = {isa = PBXFileReference; lastKnownFileType = text.plist.xml; path = Info.plist; sourceTree = "<group>"; };
		C9CB38BE1C03BA2900E55752 /* ios-testTests.xctest */ = {isa = PBXFileReference; explicitFileType = wrapper.cfbundle; includeInIndex = 0; path = "ios-testTests.xctest"; sourceTree = BUILT_PRODUCTS_DIR; };
		C9CB38C21C03BA2900E55752 /* ios_testTests.m */ = {isa = PBXFileReference; lastKnownFileType = sourcecode.c.objc; path = ios_testTests.m; sourceTree = "<group>"; };
		C9CB38C41C03BA2900E55752 /* Info.plist */ = {isa = PBXFileReference; lastKnownFileType = text.plist.xml; path = Info.plist; sourceTree = "<group>"; };
		C9CB38C91C03BA2900E55752 /* ios-testUITests.xctest */ = {isa = PBXFileReference; explicitFileType = wrapper.cfbundle; includeInIndex = 0; path = "ios-testUITests.xctest"; sourceTree = BUILT_PRODUCTS_DIR; };
		C9CB38CD1C03BA2900E55752 /* ios_testUITests.m */ = {isa = PBXFileReference; lastKnownFileType = sourcecode.c.objc; path = ios_testUITests.m; sourceTree = "<group>"; };
		C9CB38CF1C03BA2900E55752 /* Info.plist */ = {isa = PBXFileReference; lastKnownFileType = text.plist.xml; path = Info.plist; sourceTree = "<group>"; };
		C9CB38DE1C04DDC000E55752 /* vk.png */ = {isa = PBXFileReference; lastKnownFileType = image.png; path = vk.png; sourceTree = "<group>"; };
		C9CB38E01C04DE6800E55752 /* facebook55.png */ = {isa = PBXFileReference; lastKnownFileType = image.png; path = facebook55.png; sourceTree = "<group>"; };
		C9CB38E21C04DEC000E55752 /* linkedin11.png */ = {isa = PBXFileReference; lastKnownFileType = image.png; path = linkedin11.png; sourceTree = "<group>"; };
		C9CB38E41C04DEFE00E55752 /* twitter1.png */ = {isa = PBXFileReference; lastKnownFileType = image.png; path = twitter1.png; sourceTree = "<group>"; };
		C9CB38E61C04DF2E00E55752 /* google116.png */ = {isa = PBXFileReference; lastKnownFileType = image.png; path = google116.png; sourceTree = "<group>"; };
		C9CB38E81C04E0A400E55752 /* LoginViewController.h */ = {isa = PBXFileReference; fileEncoding = 4; lastKnownFileType = sourcecode.c.h; path = LoginViewController.h; sourceTree = "<group>"; };
		C9CB38E91C04E0A400E55752 /* LoginViewController.m */ = {isa = PBXFileReference; fileEncoding = 4; lastKnownFileType = sourcecode.c.objc; path = LoginViewController.m; sourceTree = "<group>"; };
		C9CB39071C065F9C00E55752 /* Shop.storyboard */ = {isa = PBXFileReference; fileEncoding = 4; lastKnownFileType = file.storyboard; path = Shop.storyboard; sourceTree = "<group>"; };
/* End PBXFileReference section */

/* Begin PBXFrameworksBuildPhase section */
		C9CB389F1C03BA2900E55752 /* Frameworks */ = {
			isa = PBXFrameworksBuildPhase;
			buildActionMask = 2147483647;
			files = (
				C91EF9121C161959007454A4 /* SystemConfiguration.framework in Frameworks */,
			);
			runOnlyForDeploymentPostprocessing = 0;
		};
		C9CB38BB1C03BA2900E55752 /* Frameworks */ = {
			isa = PBXFrameworksBuildPhase;
			buildActionMask = 2147483647;
			files = (
			);
			runOnlyForDeploymentPostprocessing = 0;
		};
		C9CB38C61C03BA2900E55752 /* Frameworks */ = {
			isa = PBXFrameworksBuildPhase;
			buildActionMask = 2147483647;
			files = (
			);
			runOnlyForDeploymentPostprocessing = 0;
		};
/* End PBXFrameworksBuildPhase section */

/* Begin PBXGroup section */
		C91EF8D11C136386007454A4 /* Resources */ = {
			isa = PBXGroup;
			children = (
				C91EF90E1C161909007454A4 /* Reachability.h */,
				C91EF90F1C161909007454A4 /* Reachability.m */,
				C9CB38A81C03BA2900E55752 /* AppDelegate.h */,
				C9CB38A91C03BA2900E55752 /* AppDelegate.m */,
				C9CB38B41C03BA2900E55752 /* Assets.xcassets */,
				C9CB38B61C03BA2900E55752 /* LaunchScreen.storyboard */,
				C9CB38B91C03BA2900E55752 /* Info.plist */,
				C9CB38B11C03BA2900E55752 /* ios_test.xcdatamodeld */,
				C91EF8EE1C13950C007454A4 /* setting.plist */,
			);
			name = Resources;
			sourceTree = "<group>";
		};
		C91EF8D21C1364A5007454A4 /* Managers */ = {
			isa = PBXGroup;
			children = (
				C91EF8D91C137E54007454A4 /* APIManager.h */,
				C91EF8DA1C137E54007454A4 /* APIManager.m */,
				C91EF8E51C13941C007454A4 /* APIRequest.h */,
				C91EF8E61C13941C007454A4 /* APIRequest.m */,
				C91EF8E81C139448007454A4 /* APIAuth.h */,
				C91EF8E91C139448007454A4 /* APIAuth.m */,
				C91EF8EB1C1394C0007454A4 /* APIRouteConfig.h */,
				C91EF8EC1C1394C0007454A4 /* APIRouteConfig.m */,
				C9152D231C1C94F300906B03 /* CartManager.h */,
				C9152D241C1C94F300906B03 /* CartManager.m */,
			);
			name = Managers;
			sourceTree = "<group>";
		};
		C9CB38991C03BA2900E55752 = {
			isa = PBXGroup;
			children = (
				C91EF9111C161959007454A4 /* SystemConfiguration.framework */,
				C9CB38A41C03BA2900E55752 /* ios-test */,
				C9CB38C11C03BA2900E55752 /* ios-testTests */,
				C9CB38CC1C03BA2900E55752 /* ios-testUITests */,
				C9CB38A31C03BA2900E55752 /* Products */,
			);
			sourceTree = "<group>";
		};
		C9CB38A31C03BA2900E55752 /* Products */ = {
			isa = PBXGroup;
			children = (
				C9CB38A21C03BA2900E55752 /* ios-test.app */,
				C9CB38BE1C03BA2900E55752 /* ios-testTests.xctest */,
				C9CB38C91C03BA2900E55752 /* ios-testUITests.xctest */,
			);
			name = Products;
			sourceTree = "<group>";
		};
		C9CB38A41C03BA2900E55752 /* ios-test */ = {
			isa = PBXGroup;
			children = (
				C91EF8D21C1364A5007454A4 /* Managers */,
				C9CB38DB1C03BC9500E55752 /* Controllers */,
				C9CB38DC1C03BCA900E55752 /* Models */,
				C9CB38DD1C03BCB300E55752 /* Views */,
				C91EF8D11C136386007454A4 /* Resources */,
				C9CB38A51C03BA2900E55752 /* Supporting Files */,
			);
			path = "ios-test";
			sourceTree = "<group>";
		};
		C9CB38A51C03BA2900E55752 /* Supporting Files */ = {
			isa = PBXGroup;
			children = (
				C98339F01C18D4280099AAF8 /* 1449717971_shopping_cart_loaded.png */,
				C91EF8F41C14CEE3007454A4 /* 1449454490_shopping_cart_empty.png */,
				C91EF8F51C14CEE3007454A4 /* 1449454476_user_male.png */,
				C91EF8F11C14CE59007454A4 /* shop_load_icon.png */,
				C9CB38E61C04DF2E00E55752 /* google116.png */,
				C9CB38E41C04DEFE00E55752 /* twitter1.png */,
				C9CB38E21C04DEC000E55752 /* linkedin11.png */,
				C9CB38E01C04DE6800E55752 /* facebook55.png */,
				C9CB38DE1C04DDC000E55752 /* vk.png */,
				C9CB38A61C03BA2900E55752 /* main.m */,
			);
			name = "Supporting Files";
			sourceTree = "<group>";
		};
		C9CB38C11C03BA2900E55752 /* ios-testTests */ = {
			isa = PBXGroup;
			children = (
				C9CB38C21C03BA2900E55752 /* ios_testTests.m */,
				C9CB38C41C03BA2900E55752 /* Info.plist */,
			);
			path = "ios-testTests";
			sourceTree = "<group>";
		};
		C9CB38CC1C03BA2900E55752 /* ios-testUITests */ = {
			isa = PBXGroup;
			children = (
				C9CB38CD1C03BA2900E55752 /* ios_testUITests.m */,
				C9CB38CF1C03BA2900E55752 /* Info.plist */,
			);
			path = "ios-testUITests";
			sourceTree = "<group>";
		};
		C9CB38DB1C03BC9500E55752 /* Controllers */ = {
			isa = PBXGroup;
			children = (
				C96F4B7B1C275ACE0073300E /* Login.storyboard */,
				C9CB38E81C04E0A400E55752 /* LoginViewController.h */,
				C9CB38E91C04E0A400E55752 /* LoginViewController.m */,
				C9CB39071C065F9C00E55752 /* Shop.storyboard */,
				C91062701C0CEB2E00AD34E2 /* ShopViewController.h */,
				C91062711C0CEB2E00AD34E2 /* ShopViewController.m */,
				C91EF9051C14DA01007454A4 /* GoodsAdminTableViewController.h */,
				C91EF9061C14DA01007454A4 /* GoodsAdminTableViewController.m */,
				C91EF9081C14DA23007454A4 /* GoogsTableViewController.h */,
				C91EF9091C14DA23007454A4 /* GoogsTableViewController.m */,
				C91EF90B1C14EAD8007454A4 /* GoodsUpdateViewController.h */,
				C91EF90C1C14EAD8007454A4 /* GoodsUpdateViewController.m */,
				C98339ED1C1774EA0099AAF8 /* GoodsViewController.h */,
				C98339EE1C1774EA0099AAF8 /* GoodsViewController.m */,
				C9152D261C1D955F00906B03 /* CartCollectionViewController.h */,
				C9152D271C1D955F00906B03 /* CartCollectionViewController.m */,
				C9152D291C1DEC3500906B03 /* CartCollectionViewCell.h */,
				C9152D2A1C1DEC3500906B03 /* CartCollectionViewCell.m */,
			);
			name = Controllers;
			sourceTree = "<group>";
		};
		C9CB38DC1C03BCA900E55752 /* Models */ = {
			isa = PBXGroup;
			children = (
				C91EF8DC1C13921E007454A4 /* GoodsRequestModel.h */,
				C91EF8DD1C13921E007454A4 /* GoodsRequestModel.m */,
				C91EF8DF1C13923C007454A4 /* GoodsModel.h */,
				C91EF8E01C13923C007454A4 /* GoodsModel.m */,
				C91EF8E21C139262007454A4 /* UserModel.h */,
				C91EF8E31C139262007454A4 /* UserModel.m */,
			);
			name = Models;
			sourceTree = "<group>";
		};
		C9CB38DD1C03BCB300E55752 /* Views */ = {
			isa = PBXGroup;
			children = (
				C91EF8F81C14D7F3007454A4 /* GoodsAdminCellTableViewCell.h */,
				C91EF8F91C14D7F3007454A4 /* GoodsAdminCellTableViewCell.m */,
				C91EF8FA1C14D7F3007454A4 /* GoodsAdminCellTableViewCell.xib */,
				C91EF8FD1C14D819007454A4 /* GoodsTableViewCell.h */,
				C91EF8FE1C14D819007454A4 /* GoodsTableViewCell.m */,
				C91EF8FF1C14D819007454A4 /* GoodsTableViewCell.xib */,
				C98339F21C18DCA00099AAF8 /* CartViewControl.h */,
				C98339F31C18DCA00099AAF8 /* CartViewControl.m */,
			);
			name = Views;
			sourceTree = "<group>";
		};
/* End PBXGroup section */

/* Begin PBXNativeTarget section */
		C9CB38A11C03BA2900E55752 /* ios-test */ = {
			isa = PBXNativeTarget;
			buildConfigurationList = C9CB38D21C03BA2900E55752 /* Build configuration list for PBXNativeTarget "ios-test" */;
			buildPhases = (
				C9CB389E1C03BA2900E55752 /* Sources */,
				C9CB389F1C03BA2900E55752 /* Frameworks */,
				C9CB38A01C03BA2900E55752 /* Resources */,
			);
			buildRules = (
			);
			dependencies = (
			);
			name = "ios-test";
			productName = "ios-test";
			productReference = C9CB38A21C03BA2900E55752 /* ios-test.app */;
			productType = "com.apple.product-type.application";
		};
		C9CB38BD1C03BA2900E55752 /* ios-testTests */ = {
			isa = PBXNativeTarget;
			buildConfigurationList = C9CB38D51C03BA2900E55752 /* Build configuration list for PBXNativeTarget "ios-testTests" */;
			buildPhases = (
				C9CB38BA1C03BA2900E55752 /* Sources */,
				C9CB38BB1C03BA2900E55752 /* Frameworks */,
				C9CB38BC1C03BA2900E55752 /* Resources */,
			);
			buildRules = (
			);
			dependencies = (
				C9CB38C01C03BA2900E55752 /* PBXTargetDependency */,
			);
			name = "ios-testTests";
			productName = "ios-testTests";
			productReference = C9CB38BE1C03BA2900E55752 /* ios-testTests.xctest */;
			productType = "com.apple.product-type.bundle.unit-test";
		};
		C9CB38C81C03BA2900E55752 /* ios-testUITests */ = {
			isa = PBXNativeTarget;
			buildConfigurationList = C9CB38D81C03BA2900E55752 /* Build configuration list for PBXNativeTarget "ios-testUITests" */;
			buildPhases = (
				C9CB38C51C03BA2900E55752 /* Sources */,
				C9CB38C61C03BA2900E55752 /* Frameworks */,
				C9CB38C71C03BA2900E55752 /* Resources */,
			);
			buildRules = (
			);
			dependencies = (
				C9CB38CB1C03BA2900E55752 /* PBXTargetDependency */,
			);
			name = "ios-testUITests";
			productName = "ios-testUITests";
			productReference = C9CB38C91C03BA2900E55752 /* ios-testUITests.xctest */;
			productType = "com.apple.product-type.bundle.ui-testing";
		};
/* End PBXNativeTarget section */

/* Begin PBXProject section */
		C9CB389A1C03BA2900E55752 /* Project object */ = {
			isa = PBXProject;
			attributes = {
				LastUpgradeCheck = 0710;
				ORGANIZATIONNAME = "Vladimir Kopitsa";
				TargetAttributes = {
					C9CB38A11C03BA2900E55752 = {
						CreatedOnToolsVersion = 7.1.1;
						DevelopmentTeam = MXW89WAY8X;
					};
					C9CB38BD1C03BA2900E55752 = {
						CreatedOnToolsVersion = 7.1.1;
						DevelopmentTeam = MXW89WAY8X;
						TestTargetID = C9CB38A11C03BA2900E55752;
					};
					C9CB38C81C03BA2900E55752 = {
						CreatedOnToolsVersion = 7.1.1;
						DevelopmentTeam = MXW89WAY8X;
						TestTargetID = C9CB38A11C03BA2900E55752;
					};
				};
			};
			buildConfigurationList = C9CB389D1C03BA2900E55752 /* Build configuration list for PBXProject "ios-test" */;
			compatibilityVersion = "Xcode 3.2";
			developmentRegion = English;
			hasScannedForEncodings = 0;
			knownRegions = (
				en,
				Base,
			);
			mainGroup = C9CB38991C03BA2900E55752;
			productRefGroup = C9CB38A31C03BA2900E55752 /* Products */;
			projectDirPath = "";
			projectRoot = "";
			targets = (
				C9CB38A11C03BA2900E55752 /* ios-test */,
				C9CB38BD1C03BA2900E55752 /* ios-testTests */,
				C9CB38C81C03BA2900E55752 /* ios-testUITests */,
			);
		};
/* End PBXProject section */

/* Begin PBXResourcesBuildPhase section */
		C9CB38A01C03BA2900E55752 /* Resources */ = {
			isa = PBXResourcesBuildPhase;
			buildActionMask = 2147483647;
			files = (
				C96F4B7C1C275ACE0073300E /* Login.storyboard in Resources */,
				C98339F11C18D4280099AAF8 /* 1449717971_shopping_cart_loaded.png in Resources */,
				C9CB38B81C03BA2900E55752 /* LaunchScreen.storyboard in Resources */,
				C91EF8F31C14CE59007454A4 /* shop_load_icon.png in Resources */,
				C91EF8FC1C14D7F3007454A4 /* GoodsAdminCellTableViewCell.xib in Resources */,
				C91EF8F71C14CEE3007454A4 /* 1449454476_user_male.png in Resources */,
				C9CB38E31C04DEC000E55752 /* linkedin11.png in Resources */,
				C91EF9011C14D819007454A4 /* GoodsTableViewCell.xib in Resources */,
				C91EF8EF1C13950C007454A4 /* setting.plist in Resources */,
				C9CB38E51C04DEFE00E55752 /* twitter1.png in Resources */,
				C9CB38B51C03BA2900E55752 /* Assets.xcassets in Resources */,
				C9CB38E11C04DE6800E55752 /* facebook55.png in Resources */,
				C9CB38E71C04DF2E00E55752 /* google116.png in Resources */,
				C9CB39081C065F9C00E55752 /* Shop.storyboard in Resources */,
				C9CB38DF1C04DDC000E55752 /* vk.png in Resources */,
				C91EF8F61C14CEE3007454A4 /* 1449454490_shopping_cart_empty.png in Resources */,
			);
			runOnlyForDeploymentPostprocessing = 0;
		};
		C9CB38BC1C03BA2900E55752 /* Resources */ = {
			isa = PBXResourcesBuildPhase;
			buildActionMask = 2147483647;
			files = (
			);
			runOnlyForDeploymentPostprocessing = 0;
		};
		C9CB38C71C03BA2900E55752 /* Resources */ = {
			isa = PBXResourcesBuildPhase;
			buildActionMask = 2147483647;
			files = (
			);
			runOnlyForDeploymentPostprocessing = 0;
		};
/* End PBXResourcesBuildPhase section */

/* Begin PBXSourcesBuildPhase section */
		C9CB389E1C03BA2900E55752 /* Sources */ = {
			isa = PBXSourcesBuildPhase;
			buildActionMask = 2147483647;
			files = (
				C98339EF1C1774EA0099AAF8 /* GoodsViewController.m in Sources */,
				C91EF9001C14D819007454A4 /* GoodsTableViewCell.m in Sources */,
				C9CB38AA1C03BA2900E55752 /* AppDelegate.m in Sources */,
				C91EF8EA1C139448007454A4 /* APIAuth.m in Sources */,
				C91EF8FB1C14D7F3007454A4 /* GoodsAdminCellTableViewCell.m in Sources */,
				C9152D2C1C1DEC3500906B03 /* CartCollectionViewCell.m in Sources */,
				C9CB38A71C03BA2900E55752 /* main.m in Sources */,
				C98339F41C18DCA00099AAF8 /* CartViewControl.m in Sources */,
				C91EF9071C14DA01007454A4 /* GoodsAdminTableViewController.m in Sources */,
				C91EF8DE1C13921E007454A4 /* GoodsRequestModel.m in Sources */,
				C91EF8DB1C137E54007454A4 /* APIManager.m in Sources */,
				C91EF8E11C13923C007454A4 /* GoodsModel.m in Sources */,
				C9152D251C1C94F300906B03 /* CartManager.m in Sources */,
				C9CB38B31C03BA2900E55752 /* ios_test.xcdatamodeld in Sources */,
				C91EF90D1C14EAD8007454A4 /* GoodsUpdateViewController.m in Sources */,
				C91062721C0CEB2E00AD34E2 /* ShopViewController.m in Sources */,
				C91EF90A1C14DA23007454A4 /* GoogsTableViewController.m in Sources */,
				C9152D281C1D955F00906B03 /* CartCollectionViewController.m in Sources */,
				C9CB38EA1C04E0A400E55752 /* LoginViewController.m in Sources */,
				C91EF8E71C13941C007454A4 /* APIRequest.m in Sources */,
				C91EF8ED1C1394C0007454A4 /* APIRouteConfig.m in Sources */,
				C91EF9101C161909007454A4 /* Reachability.m in Sources */,
				C91EF8E41C139262007454A4 /* UserModel.m in Sources */,
			);
			runOnlyForDeploymentPostprocessing = 0;
		};
		C9CB38BA1C03BA2900E55752 /* Sources */ = {
			isa = PBXSourcesBuildPhase;
			buildActionMask = 2147483647;
			files = (
				C9CB38C31C03BA2900E55752 /* ios_testTests.m in Sources */,
			);
			runOnlyForDeploymentPostprocessing = 0;
		};
		C9CB38C51C03BA2900E55752 /* Sources */ = {
			isa = PBXSourcesBuildPhase;
			buildActionMask = 2147483647;
			files = (
				C9CB38CE1C03BA2900E55752 /* ios_testUITests.m in Sources */,
			);
			runOnlyForDeploymentPostprocessing = 0;
		};
/* End PBXSourcesBuildPhase section */

/* Begin PBXTargetDependency section */
		C9CB38C01C03BA2900E55752 /* PBXTargetDependency */ = {
			isa = PBXTargetDependency;
			target = C9CB38A11C03BA2900E55752 /* ios-test */;
			targetProxy = C9CB38BF1C03BA2900E55752 /* PBXContainerItemProxy */;
		};
		C9CB38CB1C03BA2900E55752 /* PBXTargetDependency */ = {
			isa = PBXTargetDependency;
			target = C9CB38A11C03BA2900E55752 /* ios-test */;
			targetProxy = C9CB38CA1C03BA2900E55752 /* PBXContainerItemProxy */;
		};
/* End PBXTargetDependency section */

/* Begin PBXVariantGroup section */
		C9CB38B61C03BA2900E55752 /* LaunchScreen.storyboard */ = {
			isa = PBXVariantGroup;
			children = (
				C9CB38B71C03BA2900E55752 /* Base */,
			);
			name = LaunchScreen.storyboard;
			sourceTree = "<group>";
		};
/* End PBXVariantGroup section */

/* Begin XCBuildConfiguration section */
		C9CB38D01C03BA2900E55752 /* Debug */ = {
			isa = XCBuildConfiguration;
			buildSettings = {
				ALWAYS_SEARCH_USER_PATHS = NO;
				CLANG_CXX_LANGUAGE_STANDARD = "gnu++0x";
				CLANG_CXX_LIBRARY = "libc++";
				CLANG_ENABLE_MODULES = YES;
				CLANG_ENABLE_OBJC_ARC = YES;
				CLANG_WARN_BOOL_CONVERSION = YES;
				CLANG_WARN_CONSTANT_CONVERSION = YES;
				CLANG_WARN_DIRECT_OBJC_ISA_USAGE = YES_ERROR;
				CLANG_WARN_EMPTY_BODY = YES;
				CLANG_WARN_ENUM_CONVERSION = YES;
				CLANG_WARN_INT_CONVERSION = YES;
				CLANG_WARN_OBJC_ROOT_CLASS = YES_ERROR;
				CLANG_WARN_UNREACHABLE_CODE = YES;
				CLANG_WARN__DUPLICATE_METHOD_MATCH = YES;
				"CODE_SIGN_IDENTITY[sdk=iphoneos*]" = "iPhone Developer";
				COPY_PHASE_STRIP = NO;
				DEBUG_INFORMATION_FORMAT = dwarf;
				ENABLE_STRICT_OBJC_MSGSEND = YES;
				ENABLE_TESTABILITY = YES;
				GCC_C_LANGUAGE_STANDARD = gnu99;
				GCC_DYNAMIC_NO_PIC = NO;
				GCC_NO_COMMON_BLOCKS = YES;
				GCC_OPTIMIZATION_LEVEL = 0;
				GCC_PREPROCESSOR_DEFINITIONS = (
					"DEBUG=1",
					"$(inherited)",
				);
				GCC_WARN_64_TO_32_BIT_CONVERSION = YES;
				GCC_WARN_ABOUT_RETURN_TYPE = YES_ERROR;
				GCC_WARN_UNDECLARED_SELECTOR = YES;
				GCC_WARN_UNINITIALIZED_AUTOS = YES_AGGRESSIVE;
				GCC_WARN_UNUSED_FUNCTION = YES;
				GCC_WARN_UNUSED_VARIABLE = YES;
				IPHONEOS_DEPLOYMENT_TARGET = 9.1;
				MTL_ENABLE_DEBUG_INFO = YES;
				ONLY_ACTIVE_ARCH = YES;
				SDKROOT = iphoneos;
				TARGETED_DEVICE_FAMILY = "1,2";
			};
			name = Debug;
		};
		C9CB38D11C03BA2900E55752 /* Release */ = {
			isa = XCBuildConfiguration;
			buildSettings = {
				ALWAYS_SEARCH_USER_PATHS = NO;
				CLANG_CXX_LANGUAGE_STANDARD = "gnu++0x";
				CLANG_CXX_LIBRARY = "libc++";
				CLANG_ENABLE_MODULES = YES;
				CLANG_ENABLE_OBJC_ARC = YES;
				CLANG_WARN_BOOL_CONVERSION = YES;
				CLANG_WARN_CONSTANT_CONVERSION = YES;
				CLANG_WARN_DIRECT_OBJC_ISA_USAGE = YES_ERROR;
				CLANG_WARN_EMPTY_BODY = YES;
				CLANG_WARN_ENUM_CONVERSION = YES;
				CLANG_WARN_INT_CONVERSION = YES;
				CLANG_WARN_OBJC_ROOT_CLASS = YES_ERROR;
				CLANG_WARN_UNREACHABLE_CODE = YES;
				CLANG_WARN__DUPLICATE_METHOD_MATCH = YES;
				"CODE_SIGN_IDENTITY[sdk=iphoneos*]" = "iPhone Developer";
				COPY_PHASE_STRIP = NO;
				DEBUG_INFORMATION_FORMAT = "dwarf-with-dsym";
				ENABLE_NS_ASSERTIONS = NO;
				ENABLE_STRICT_OBJC_MSGSEND = YES;
				GCC_C_LANGUAGE_STANDARD = gnu99;
				GCC_NO_COMMON_BLOCKS = YES;
				GCC_WARN_64_TO_32_BIT_CONVERSION = YES;
				GCC_WARN_ABOUT_RETURN_TYPE = YES_ERROR;
				GCC_WARN_UNDECLARED_SELECTOR = YES;
				GCC_WARN_UNINITIALIZED_AUTOS = YES_AGGRESSIVE;
				GCC_WARN_UNUSED_FUNCTION = YES;
				GCC_WARN_UNUSED_VARIABLE = YES;
				IPHONEOS_DEPLOYMENT_TARGET = 9.1;
				MTL_ENABLE_DEBUG_INFO = NO;
				SDKROOT = iphoneos;
				TARGETED_DEVICE_FAMILY = "1,2";
				VALIDATE_PRODUCT = YES;
			};
			name = Release;
		};
		C9CB38D31C03BA2900E55752 /* Debug */ = {
			isa = XCBuildConfiguration;
			buildSettings = {
				ASSETCATALOG_COMPILER_APPICON_NAME = AppIcon;
				FRAMEWORK_SEARCH_PATHS = (
					"$(inherited)",
					"$(PROJECT_DIR)",
				);
				INFOPLIST_FILE = "ios-test/Info.plist";
				LD_RUNPATH_SEARCH_PATHS = "$(inherited) @executable_path/Frameworks";
				PRODUCT_BUNDLE_IDENTIFIER = "com.vkopitsa.ios-test";
				PRODUCT_NAME = "$(TARGET_NAME)";
			};
			name = Debug;
		};
		C9CB38D41C03BA2900E55752 /* Release */ = {
			isa = XCBuildConfiguration;
			buildSettings = {
				ASSETCATALOG_COMPILER_APPICON_NAME = AppIcon;
				FRAMEWORK_SEARCH_PATHS = (
					"$(inherited)",
					"$(PROJECT_DIR)",
				);
				INFOPLIST_FILE = "ios-test/Info.plist";
				LD_RUNPATH_SEARCH_PATHS = "$(inherited) @executable_path/Frameworks";
				PRODUCT_BUNDLE_IDENTIFIER = "com.vkopitsa.ios-test";
				PRODUCT_NAME = "$(TARGET_NAME)";
			};
			name = Release;
		};
		C9CB38D61C03BA2900E55752 /* Debug */ = {
			isa = XCBuildConfiguration;
			buildSettings = {
				BUNDLE_LOADER = "$(TEST_HOST)";
				INFOPLIST_FILE = "ios-testTests/Info.plist";
				LD_RUNPATH_SEARCH_PATHS = "$(inherited) @executable_path/Frameworks @loader_path/Frameworks";
				PRODUCT_BUNDLE_IDENTIFIER = "com.vkopitsa.ios-testTests";
				PRODUCT_NAME = "$(TARGET_NAME)";
				TEST_HOST = "$(BUILT_PRODUCTS_DIR)/ios-test.app/ios-test";
			};
			name = Debug;
		};
		C9CB38D71C03BA2900E55752 /* Release */ = {
			isa = XCBuildConfiguration;
			buildSettings = {
				BUNDLE_LOADER = "$(TEST_HOST)";
				INFOPLIST_FILE = "ios-testTests/Info.plist";
				LD_RUNPATH_SEARCH_PATHS = "$(inherited) @executable_path/Frameworks @loader_path/Frameworks";
				PRODUCT_BUNDLE_IDENTIFIER = "com.vkopitsa.ios-testTests";
				PRODUCT_NAME = "$(TARGET_NAME)";
				TEST_HOST = "$(BUILT_PRODUCTS_DIR)/ios-test.app/ios-test";
			};
			name = Release;
		};
		C9CB38D91C03BA2900E55752 /* Debug */ = {
			isa = XCBuildConfiguration;
			buildSettings = {
				INFOPLIST_FILE = "ios-testUITests/Info.plist";
				LD_RUNPATH_SEARCH_PATHS = "$(inherited) @executable_path/Frameworks @loader_path/Frameworks";
				PRODUCT_BUNDLE_IDENTIFIER = "com.vkopitsa.ios-testUITests";
				PRODUCT_NAME = "$(TARGET_NAME)";
				TEST_TARGET_NAME = "ios-test";
				USES_XCTRUNNER = YES;
			};
			name = Debug;
		};
		C9CB38DA1C03BA2900E55752 /* Release */ = {
			isa = XCBuildConfiguration;
			buildSettings = {
				INFOPLIST_FILE = "ios-testUITests/Info.plist";
				LD_RUNPATH_SEARCH_PATHS = "$(inherited) @executable_path/Frameworks @loader_path/Frameworks";
				PRODUCT_BUNDLE_IDENTIFIER = "com.vkopitsa.ios-testUITests";
				PRODUCT_NAME = "$(TARGET_NAME)";
				TEST_TARGET_NAME = "ios-test";
				USES_XCTRUNNER = YES;
			};
			name = Release;
		};
/* End XCBuildConfiguration section */

/* Begin XCConfigurationList section */
		C9CB389D1C03BA2900E55752 /* Build configuration list for PBXProject "ios-test" */ = {
			isa = XCConfigurationList;
			buildConfigurations = (
				C9CB38D01C03BA2900E55752 /* Debug */,
				C9CB38D11C03BA2900E55752 /* Release */,
			);
			defaultConfigurationIsVisible = 0;
			defaultConfigurationName = Release;
		};
		C9CB38D21C03BA2900E55752 /* Build configuration list for PBXNativeTarget "ios-test" */ = {
			isa = XCConfigurationList;
			buildConfigurations = (
				C9CB38D31C03BA2900E55752 /* Debug */,
				C9CB38D41C03BA2900E55752 /* Release */,
			);
			defaultConfigurationIsVisible = 0;
			defaultConfigurationName = Release;
		};
		C9CB38D51C03BA2900E55752 /* Build configuration list for PBXNativeTarget "ios-testTests" */ = {
			isa = XCConfigurationList;
			buildConfigurations = (
				C9CB38D61C03BA2900E55752 /* Debug */,
				C9CB38D71C03BA2900E55752 /* Release */,
			);
			defaultConfigurationIsVisible = 0;
			defaultConfigurationName = Release;
		};
		C9CB38D81C03BA2900E55752 /* Build configuration list for PBXNativeTarget "ios-testUITests" */ = {
			isa = XCConfigurationList;
			buildConfigurations = (
				C9CB38D91C03BA2900E55752 /* Debug */,
				C9CB38DA1C03BA2900E55752 /* Release */,
			);
			defaultConfigurationIsVisible = 0;
			defaultConfigurationName = Release;
		};
/* End XCConfigurationList section */

/* Begin XCVersionGroup section */
		C9CB38B11C03BA2900E55752 /* ios_test.xcdatamodeld */ = {
			isa = XCVersionGroup;
			children = (
				C9CB38B21C03BA2900E55752 /* ios_test.xcdatamodel */,
			);
			currentVersion = C9CB38B21C03BA2900E55752 /* ios_test.xcdatamodel */;
			path = ios_test.xcdatamodeld;
			sourceTree = "<group>";
			versionGroupType = wrapper.xcdatamodel;
		};
/* End XCVersionGroup section */
	};
	rootObject = C9CB389A1C03BA2900E55752 /* Project object */;
}
